
Microsoft Visual Studio Solution File, Format Version 12.00
# Visual Studio Version 16
VisualStudioVersion = 16.0.30611.23
MinimumVisualStudioVersion = 10.0.40219.1
Project("{FAE04EC0-301F-11D3-BF4B-00C04F79EFBC}") = "Main", "Main\Main.csproj", "{AF5A1959-4AFC-40A4-8183-25BC5F5ED61D}"
EndProject
Project("{FAE04EC0-301F-11D3-BF4B-00C04F79EFBC}") = "UnitTest", "UnitTest\UnitTest.csproj", "{CADAA118-CC54-4B39-B08F-08279944E584}"
EndProject
Global
	GlobalSection(SolutionConfigurationPlatforms) = preSolution
		Debug|Any CPU = Debug|Any CPU
		Debug|x64 = Debug|x64
		Release|Any CPU = Release|Any CPU
		Release|x64 = Release|x64
	EndGlobalSection
	GlobalSection(ProjectConfigurationPlatforms) = postSolution
		{AF5A1959-4AFC-40A4-8183-25BC5F5ED61D}.Debug|Any CPU.ActiveCfg = Debug|Any CPU
		{AF5A1959-4AFC-40A4-8183-25BC5F5ED61D}.Debug|Any CPU.Build.0 = Debug|Any CPU
		{AF5A1959-4AFC-40A4-8183-25BC5F5ED61D}.Debug|x64.ActiveCfg = Debug|x64
		{AF5A1959-4AFC-40A4-8183-25BC5F5ED61D}.Debug|x64.Build.0 = Debug|x64
		{AF5A1959-4AFC-40A4-8183-25BC5F5ED61D}.Release|Any CPU.ActiveCfg = Release|Any CPU
		{AF5A1959-4AFC-40A4-8183-25BC5F5ED61D}.Release|Any CPU.Build.0 = Release|Any CPU
		{AF5A1959-4AFC-40A4-8183-25BC5F5ED61D}.Release|x64.ActiveCfg = Release|x64
		{AF5A1959-4AFC-40A4-8183-25BC5F5ED61D}.Release|x64.Build.0 = Release|x64
		{CADAA118-CC54-4B39-B08F-08279944E584}.Debug|Any CPU.ActiveCfg = Debug|Any CPU
		{CADAA118-CC54-4B39-B08F-08279944E584}.Debug|Any CPU.Build.0 = Debug|Any CPU
		{CADAA118-CC54-4B39-B08F-08279944E584}.Debug|x64.ActiveCfg = Debug|Any CPU
		{CADAA118-CC54-4B39-B08F-08279944E584}.Debug|x64.Build.0 = Debug|Any CPU
		{CADAA118-CC54-4B39-B08F-08279944E584}.Release|Any CPU.ActiveCfg = Release|Any CPU
		{CADAA118-CC54-4B39-B08F-08279944E584}.Release|Any CPU.Build.0 = Release|Any CPU
		{CADAA118-CC54-4B39-B08F-08279944E584}.Release|x64.ActiveCfg = Release|Any CPU
		{CADAA118-CC54-4B39-B08F-08279944E584}.Release|x64.Build.0 = Release|Any CPU
	EndGlobalSection
	GlobalSection(SolutionProperties) = preSolution
		HideSolutionNode = FALSE
	EndGlobalSection
	GlobalSection(ExtensibilityGlobals) = postSolution
		SolutionGuid = {A08FA54E-A36E-477A-85E0-9C8AF178E470}
	EndGlobalSection
EndGlobal
